
Microsoft Visual Studio Solution File, Format Version 12.00
# Visual Studio 15
VisualStudioVersion = 15.0.27703.2042
MinimumVisualStudioVersion = 10.0.40219.1
Project("{FAE04EC0-301F-11D3-BF4B-00C04F79EFBC}") = "GlobalHooks", "GlobalHooks.csproj", "{EEA20E44-613E-437C-ADD2-C1A8DF50FD1F}"
EndProject
Project("{FAE04EC0-301F-11D3-BF4B-00C04F79EFBC}") = "Demo", "..\Demo\Demo\Demo.csproj", "{451D3B59-2A95-4CEE-B6E4-A8195F9C9843}"
EndProject
Project("{FAE04EC0-301F-11D3-BF4B-00C04F79EFBC}") = "Console Test", "..\Console Test\Console Test.csproj", "{EA8BED0F-8EA7-4419-A184-FCDFC8FFD8DD}"
EndProject
Global
	GlobalSection(SolutionConfigurationPlatforms) = preSolution
		Debug|Any CPU = Debug|Any CPU
		Debug|x64 = Debug|x64
		Debug|x86 = Debug|x86
		Release|Any CPU = Release|Any CPU
		Release|x64 = Release|x64
		Release|x86 = Release|x86
	EndGlobalSection
	GlobalSection(ProjectConfigurationPlatforms) = postSolution
		{EEA20E44-613E-437C-ADD2-C1A8DF50FD1F}.Debug|Any CPU.ActiveCfg = Debug|Any CPU
		{EEA20E44-613E-437C-ADD2-C1A8DF50FD1F}.Debug|Any CPU.Build.0 = Debug|Any CPU
		{EEA20E44-613E-437C-ADD2-C1A8DF50FD1F}.Debug|x64.ActiveCfg = Debug|Any CPU
		{EEA20E44-613E-437C-ADD2-C1A8DF50FD1F}.Debug|x64.Build.0 = Debug|Any CPU
		{EEA20E44-613E-437C-ADD2-C1A8DF50FD1F}.Debug|x86.ActiveCfg = Debug|Any CPU
		{EEA20E44-613E-437C-ADD2-C1A8DF50FD1F}.Debug|x86.Build.0 = Debug|Any CPU
		{EEA20E44-613E-437C-ADD2-C1A8DF50FD1F}.Release|Any CPU.ActiveCfg = Release|Any CPU
		{EEA20E44-613E-437C-ADD2-C1A8DF50FD1F}.Release|Any CPU.Build.0 = Release|Any CPU
		{EEA20E44-613E-437C-ADD2-C1A8DF50FD1F}.Release|x64.ActiveCfg = Release|x64
		{EEA20E44-613E-437C-ADD2-C1A8DF50FD1F}.Release|x64.Build.0 = Release|x64
		{EEA20E44-613E-437C-ADD2-C1A8DF50FD1F}.Release|x86.ActiveCfg = Release|x86
		{EEA20E44-613E-437C-ADD2-C1A8DF50FD1F}.Release|x86.Build.0 = Release|x86
		{451D3B59-2A95-4CEE-B6E4-A8195F9C9843}.Debug|Any CPU.ActiveCfg = Debug|Any CPU
		{451D3B59-2A95-4CEE-B6E4-A8195F9C9843}.Debug|Any CPU.Build.0 = Debug|Any CPU
		{451D3B59-2A95-4CEE-B6E4-A8195F9C9843}.Debug|x64.ActiveCfg = Debug|Any CPU
		{451D3B59-2A95-4CEE-B6E4-A8195F9C9843}.Debug|x64.Build.0 = Debug|Any CPU
		{451D3B59-2A95-4CEE-B6E4-A8195F9C9843}.Debug|x86.ActiveCfg = Debug|Any CPU
		{451D3B59-2A95-4CEE-B6E4-A8195F9C9843}.Debug|x86.Build.0 = Debug|Any CPU
		{451D3B59-2A95-4CEE-B6E4-A8195F9C9843}.Release|Any CPU.ActiveCfg = Release|Any CPU
		{451D3B59-2A95-4CEE-B6E4-A8195F9C9843}.Release|Any CPU.Build.0 = Release|Any CPU
		{451D3B59-2A95-4CEE-B6E4-A8195F9C9843}.Release|x64.ActiveCfg = Release|x64
		{451D3B59-2A95-4CEE-B6E4-A8195F9C9843}.Release|x64.Build.0 = Release|x64
		{451D3B59-2A95-4CEE-B6E4-A8195F9C9843}.Release|x86.ActiveCfg = Release|x86
		{451D3B59-2A95-4CEE-B6E4-A8195F9C9843}.Release|x86.Build.0 = Release|x86
		{EA8BED0F-8EA7-4419-A184-FCDFC8FFD8DD}.Debug|Any CPU.ActiveCfg = Debug|Any CPU
		{EA8BED0F-8EA7-4419-A184-FCDFC8FFD8DD}.Debug|Any CPU.Build.0 = Debug|Any CPU
		{EA8BED0F-8EA7-4419-A184-FCDFC8FFD8DD}.Debug|x64.ActiveCfg = Debug|Any CPU
		{EA8BED0F-8EA7-4419-A184-FCDFC8FFD8DD}.Debug|x64.Build.0 = Debug|Any CPU
		{EA8BED0F-8EA7-4419-A184-FCDFC8FFD8DD}.Debug|x86.ActiveCfg = Debug|Any CPU
		{EA8BED0F-8EA7-4419-A184-FCDFC8FFD8DD}.Debug|x86.Build.0 = Debug|Any CPU
		{EA8BED0F-8EA7-4419-A184-FCDFC8FFD8DD}.Release|Any CPU.ActiveCfg = Release|Any CPU
		{EA8BED0F-8EA7-4419-A184-FCDFC8FFD8DD}.Release|Any CPU.Build.0 = Release|Any CPU
		{EA8BED0F-8EA7-4419-A184-FCDFC8FFD8DD}.Release|x64.ActiveCfg = Release|Any CPU
		{EA8BED0F-8EA7-4419-A184-FCDFC8FFD8DD}.Release|x64.Build.0 = Release|Any CPU
		{EA8BED0F-8EA7-4419-A184-FCDFC8FFD8DD}.Release|x86.ActiveCfg = Release|Any CPU
		{EA8BED0F-8EA7-4419-A184-FCDFC8FFD8DD}.Release|x86.Build.0 = Release|Any CPU
	EndGlobalSection
	GlobalSection(SolutionProperties) = preSolution
		HideSolutionNode = FALSE
	EndGlobalSection
	GlobalSection(ExtensibilityGlobals) = postSolution
		SolutionGuid = {4BB9CBA5-8678-4B78-8415-BF7EA43E884E}
	EndGlobalSection
EndGlobal
